
Microsoft Visual Studio Solution File, Format Version 12.00
# Visual Studio Version 16
VisualStudioVersion = 16.0.30011.22
MinimumVisualStudioVersion = 10.0.40219.1
Project("{9A19103F-16F7-4668-BE54-9A1E7A4F7556}") = "ToysStore.Tests", "ToysStoreTests\ToysStore.Tests.csproj", "{5371C6F8-7BA7-49FC-92F6-5A5B07A1898A}"
EndProject
Project("{9A19103F-16F7-4668-BE54-9A1E7A4F7556}") = "ToysStore.Domain", "ToysStoreDomain\ToysStore.Domain.csproj", "{F2DF6E14-89A2-46EE-89AF-7043281428C5}"
EndProject
Project("{9A19103F-16F7-4668-BE54-9A1E7A4F7556}") = "ToysStore.Web", "ToyStore.Web\ToysStore.Web.csproj", "{1193DADA-C159-43C3-B474-BD06B58ABB3D}"
EndProject
Global
	GlobalSection(SolutionConfigurationPlatforms) = preSolution
		Debug|Any CPU = Debug|Any CPU
		Release|Any CPU = Release|Any CPU
	EndGlobalSection
	GlobalSection(ProjectConfigurationPlatforms) = postSolution
		{5371C6F8-7BA7-49FC-92F6-5A5B07A1898A}.Debug|Any CPU.ActiveCfg = Debug|Any CPU
		{5371C6F8-7BA7-49FC-92F6-5A5B07A1898A}.Debug|Any CPU.Build.0 = Debug|Any CPU
		{5371C6F8-7BA7-49FC-92F6-5A5B07A1898A}.Release|Any CPU.ActiveCfg = Release|Any CPU
		{5371C6F8-7BA7-49FC-92F6-5A5B07A1898A}.Release|Any CPU.Build.0 = Release|Any CPU
		{F2DF6E14-89A2-46EE-89AF-7043281428C5}.Debug|Any CPU.ActiveCfg = Debug|Any CPU
		{F2DF6E14-89A2-46EE-89AF-7043281428C5}.Debug|Any CPU.Build.0 = Debug|Any CPU
		{F2DF6E14-89A2-46EE-89AF-7043281428C5}.Release|Any CPU.ActiveCfg = Release|Any CPU
		{F2DF6E14-89A2-46EE-89AF-7043281428C5}.Release|Any CPU.Build.0 = Release|Any CPU
		{1193DADA-C159-43C3-B474-BD06B58ABB3D}.Debug|Any CPU.ActiveCfg = Debug|Any CPU
		{1193DADA-C159-43C3-B474-BD06B58ABB3D}.Debug|Any CPU.Build.0 = Debug|Any CPU
		{1193DADA-C159-43C3-B474-BD06B58ABB3D}.Release|Any CPU.ActiveCfg = Release|Any CPU
		{1193DADA-C159-43C3-B474-BD06B58ABB3D}.Release|Any CPU.Build.0 = Release|Any CPU
	EndGlobalSection
	GlobalSection(SolutionProperties) = preSolution
		HideSolutionNode = FALSE
	EndGlobalSection
	GlobalSection(ExtensibilityGlobals) = postSolution
		SolutionGuid = {B5DBC2BE-D177-450E-99F5-089467B06368}
	EndGlobalSection
EndGlobal
